
Microsoft Visual Studio Solution File, Format Version 12.00
# Visual Studio Version 17
VisualStudioVersion = 17.4.33205.214
MinimumVisualStudioVersion = 10.0.40219.1
Project("{FAE04EC0-301F-11D3-BF4B-00C04F79EFBC}") = "RootService", "RootService\RootService.csproj", "{07D05708-1383-401D-A205-DE595424846E}"
EndProject
Global
	GlobalSection(SolutionConfigurationPlatforms) = preSolution
		Debug|Any CPU = Debug|Any CPU
		Release|Any CPU = Release|Any CPU
	EndGlobalSection
	GlobalSection(ProjectConfigurationPlatforms) = postSolution
		{07D05708-1383-401D-A205-DE595424846E}.Debug|Any CPU.ActiveCfg = Debug|Any CPU
		{07D05708-1383-401D-A205-DE595424846E}.Debug|Any CPU.Build.0 = Debug|Any CPU
		{07D05708-1383-401D-A205-DE595424846E}.Release|Any CPU.ActiveCfg = Release|Any CPU
		{07D05708-1383-401D-A205-DE595424846E}.Release|Any CPU.Build.0 = Release|Any CPU
	EndGlobalSection
	GlobalSection(SolutionProperties) = preSolution
		HideSolutionNode = FALSE
	EndGlobalSection
	GlobalSection(ExtensibilityGlobals) = postSolution
		SolutionGuid = {7F3089A2-2F14-4EBD-98D5-088596802B76}
	EndGlobalSection
EndGlobal
